
Microsoft Visual Studio Solution File, Format Version 12.00
# Visual Studio 14
VisualStudioVersion = 14.0.25420.1
MinimumVisualStudioVersion = 10.0.40219.1
Project("{FAE04EC0-301F-11D3-BF4B-00C04F79EFBC}") = "ContactUI", "ContactUI\ContactUI.csproj", "{294C4CBA-EE86-4460-A044-28BD5C656AEE}"
EndProject
Project("{FAE04EC0-301F-11D3-BF4B-00C04F79EFBC}") = "ContactData", "ContactData\ContactData.csproj", "{13934AD6-B873-47C2-B1DB-20D1AF3E4FE5}"
EndProject
Project("{FAE04EC0-301F-11D3-BF4B-00C04F79EFBC}") = "UnitTestProject1", "UnitTestProject1\UnitTestProject1.csproj", "{73643444-A4CB-4E4C-91F8-111D2B56EC66}"
EndProject
Global
	GlobalSection(SolutionConfigurationPlatforms) = preSolution
		Debug|Any CPU = Debug|Any CPU
		Release|Any CPU = Release|Any CPU
	EndGlobalSection
	GlobalSection(ProjectConfigurationPlatforms) = postSolution
		{294C4CBA-EE86-4460-A044-28BD5C656AEE}.Debug|Any CPU.ActiveCfg = Debug|Any CPU
		{294C4CBA-EE86-4460-A044-28BD5C656AEE}.Debug|Any CPU.Build.0 = Debug|Any CPU
		{294C4CBA-EE86-4460-A044-28BD5C656AEE}.Release|Any CPU.ActiveCfg = Release|Any CPU
		{294C4CBA-EE86-4460-A044-28BD5C656AEE}.Release|Any CPU.Build.0 = Release|Any CPU
		{13934AD6-B873-47C2-B1DB-20D1AF3E4FE5}.Debug|Any CPU.ActiveCfg = Debug|Any CPU
		{13934AD6-B873-47C2-B1DB-20D1AF3E4FE5}.Debug|Any CPU.Build.0 = Debug|Any CPU
		{13934AD6-B873-47C2-B1DB-20D1AF3E4FE5}.Release|Any CPU.ActiveCfg = Release|Any CPU
		{13934AD6-B873-47C2-B1DB-20D1AF3E4FE5}.Release|Any CPU.Build.0 = Release|Any CPU
		{73643444-A4CB-4E4C-91F8-111D2B56EC66}.Debug|Any CPU.ActiveCfg = Debug|Any CPU
		{73643444-A4CB-4E4C-91F8-111D2B56EC66}.Debug|Any CPU.Build.0 = Debug|Any CPU
		{73643444-A4CB-4E4C-91F8-111D2B56EC66}.Release|Any CPU.ActiveCfg = Release|Any CPU
		{73643444-A4CB-4E4C-91F8-111D2B56EC66}.Release|Any CPU.Build.0 = Release|Any CPU
	EndGlobalSection
	GlobalSection(SolutionProperties) = preSolution
		HideSolutionNode = FALSE
	EndGlobalSection
EndGlobal
